
Microsoft Visual Studio Solution File, Format Version 12.00
# Visual Studio Version 16
VisualStudioVersion = 25.0.1706.7
MinimumVisualStudioVersion = 10.0.40219.1
Project("{FAE04EC0-301F-11D3-BF4B-00C04F79EFBC}") = "HittingGenie", "HittingGenie.csproj", "{1B290AD9-A43F-4F79-BC76-C48EF53B3DCE}"
EndProject
Global
	GlobalSection(SolutionConfigurationPlatforms) = preSolution
		Debug|Any CPU = Debug|Any CPU
		Release|Any CPU = Release|Any CPU
	EndGlobalSection
	GlobalSection(ProjectConfigurationPlatforms) = postSolution
		{1B290AD9-A43F-4F79-BC76-C48EF53B3DCE}.Debug|Any CPU.ActiveCfg = Debug|Any CPU
		{1B290AD9-A43F-4F79-BC76-C48EF53B3DCE}.Debug|Any CPU.Build.0 = Debug|Any CPU
		{1B290AD9-A43F-4F79-BC76-C48EF53B3DCE}.Release|Any CPU.ActiveCfg = Release|Any CPU
		{1B290AD9-A43F-4F79-BC76-C48EF53B3DCE}.Release|Any CPU.Build.0 = Release|Any CPU
	EndGlobalSection
	GlobalSection(SolutionProperties) = preSolution
		HideSolutionNode = FALSE
	EndGlobalSection
	GlobalSection(ExtensibilityGlobals) = postSolution
		SolutionGuid = {05203FC6-12D0-459F-80B6-90EEE42CFDC9}
	EndGlobalSection
EndGlobal
